
Microsoft Visual Studio Solution File, Format Version 12.00
# Visual Studio Version 16
VisualStudioVersion = 16.0.34407.143
MinimumVisualStudioVersion = 10.0.40219.1
Project("{FAE04EC0-301F-11D3-BF4B-00C04F79EFBC}") = "BT1", "BT1\BT1.csproj", "{949123E7-0132-4517-9737-9352E2C36513}"
EndProject
Project("{FAE04EC0-301F-11D3-BF4B-00C04F79EFBC}") = "BT2", "BT2\BT2.csproj", "{CDE94B93-18D2-4B97-B3D6-DE7B49B88C78}"
EndProject
Global
	GlobalSection(SolutionConfigurationPlatforms) = preSolution
		Debug|Any CPU = Debug|Any CPU
		Release|Any CPU = Release|Any CPU
	EndGlobalSection
	GlobalSection(ProjectConfigurationPlatforms) = postSolution
		{949123E7-0132-4517-9737-9352E2C36513}.Debug|Any CPU.ActiveCfg = Debug|Any CPU
		{949123E7-0132-4517-9737-9352E2C36513}.Debug|Any CPU.Build.0 = Debug|Any CPU
		{949123E7-0132-4517-9737-9352E2C36513}.Release|Any CPU.ActiveCfg = Release|Any CPU
		{949123E7-0132-4517-9737-9352E2C36513}.Release|Any CPU.Build.0 = Release|Any CPU
		{CDE94B93-18D2-4B97-B3D6-DE7B49B88C78}.Debug|Any CPU.ActiveCfg = Debug|Any CPU
		{CDE94B93-18D2-4B97-B3D6-DE7B49B88C78}.Debug|Any CPU.Build.0 = Debug|Any CPU
		{CDE94B93-18D2-4B97-B3D6-DE7B49B88C78}.Release|Any CPU.ActiveCfg = Release|Any CPU
		{CDE94B93-18D2-4B97-B3D6-DE7B49B88C78}.Release|Any CPU.Build.0 = Release|Any CPU
	EndGlobalSection
	GlobalSection(SolutionProperties) = preSolution
		HideSolutionNode = FALSE
	EndGlobalSection
	GlobalSection(ExtensibilityGlobals) = postSolution
		SolutionGuid = {62158363-4C6C-4AE9-BDE1-4E8FB287DD65}
	EndGlobalSection
EndGlobal
